
Microsoft Visual Studio Solution File, Format Version 12.00
# Visual Studio Version 17
VisualStudioVersion = 17.14.36221.1 d17.14
MinimumVisualStudioVersion = 10.0.40219.1
Project("{FAE04EC0-301F-11D3-BF4B-00C04F79EFBC}") = "test_stand", "test_stand\test_stand.csproj", "{DF75D7A9-D4F4-4517-93A4-2C9F54C085CC}"
EndProject
Global
	GlobalSection(SolutionConfigurationPlatforms) = preSolution
		Debug|Any CPU = Debug|Any CPU
		Release|Any CPU = Release|Any CPU
	EndGlobalSection
	GlobalSection(ProjectConfigurationPlatforms) = postSolution
		{DF75D7A9-D4F4-4517-93A4-2C9F54C085CC}.Debug|Any CPU.ActiveCfg = Debug|Any CPU
		{DF75D7A9-D4F4-4517-93A4-2C9F54C085CC}.Debug|Any CPU.Build.0 = Debug|Any CPU
		{DF75D7A9-D4F4-4517-93A4-2C9F54C085CC}.Release|Any CPU.ActiveCfg = Release|Any CPU
		{DF75D7A9-D4F4-4517-93A4-2C9F54C085CC}.Release|Any CPU.Build.0 = Release|Any CPU
	EndGlobalSection
	GlobalSection(SolutionProperties) = preSolution
		HideSolutionNode = FALSE
	EndGlobalSection
	GlobalSection(ExtensibilityGlobals) = postSolution
		SolutionGuid = {A2D3DED6-135C-4D58-9356-7F9CFBE7FE09}
	EndGlobalSection
EndGlobal
